
Microsoft Visual Studio Solution File, Format Version 12.00
# Visual Studio Version 17
VisualStudioVersion = 17.7.34031.279
MinimumVisualStudioVersion = 10.0.40219.1
Project("{FAE04EC0-301F-11D3-BF4B-00C04F79EFBC}") = "DoAn", "DoAn\DoAn.csproj", "{F8F8D227-9319-43FC-ADC7-4D7359B28FAE}"
EndProject
Global
	GlobalSection(SolutionConfigurationPlatforms) = preSolution
		Debug|Any CPU = Debug|Any CPU
		Release|Any CPU = Release|Any CPU
	EndGlobalSection
	GlobalSection(ProjectConfigurationPlatforms) = postSolution
		{F8F8D227-9319-43FC-ADC7-4D7359B28FAE}.Debug|Any CPU.ActiveCfg = Debug|Any CPU
		{F8F8D227-9319-43FC-ADC7-4D7359B28FAE}.Debug|Any CPU.Build.0 = Debug|Any CPU
		{F8F8D227-9319-43FC-ADC7-4D7359B28FAE}.Release|Any CPU.ActiveCfg = Release|Any CPU
		{F8F8D227-9319-43FC-ADC7-4D7359B28FAE}.Release|Any CPU.Build.0 = Release|Any CPU
	EndGlobalSection
	GlobalSection(SolutionProperties) = preSolution
		HideSolutionNode = FALSE
	EndGlobalSection
	GlobalSection(ExtensibilityGlobals) = postSolution
		SolutionGuid = {ACD62920-AED4-4771-B351-9BE37ECCBF4A}
	EndGlobalSection
EndGlobal
